
Microsoft Visual Studio Solution File, Format Version 12.00
# Visual Studio 15
VisualStudioVersion = 15.0.26730.16
MinimumVisualStudioVersion = 10.0.40219.1
Project("{FAE04EC0-301F-11D3-BF4B-00C04F79EFBC}") = "ClientApp", "ClientApp\ClientApp.csproj", "{A8F16B2B-F568-424F-844D-DA24311A35F0}"
EndProject
Project("{FAE04EC0-301F-11D3-BF4B-00C04F79EFBC}") = "PmcDataModel.Tests", "PmcDataModel.Tests\PmcDataModel.Tests.csproj", "{9AAEDDF1-9ABA-4956-8953-E171128D7A2A}"
EndProject
Project("{FAE04EC0-301F-11D3-BF4B-00C04F79EFBC}") = "PmcDataModel", "PmcDataModel\PmcDataModel.csproj", "{9E044CC6-6322-4421-90DB-3AEA627D6698}"
EndProject
Global
	GlobalSection(SolutionConfigurationPlatforms) = preSolution
		Debug|Any CPU = Debug|Any CPU
		Release|Any CPU = Release|Any CPU
	EndGlobalSection
	GlobalSection(ProjectConfigurationPlatforms) = postSolution
		{A8F16B2B-F568-424F-844D-DA24311A35F0}.Debug|Any CPU.ActiveCfg = Debug|Any CPU
		{A8F16B2B-F568-424F-844D-DA24311A35F0}.Debug|Any CPU.Build.0 = Debug|Any CPU
		{A8F16B2B-F568-424F-844D-DA24311A35F0}.Release|Any CPU.ActiveCfg = Release|Any CPU
		{A8F16B2B-F568-424F-844D-DA24311A35F0}.Release|Any CPU.Build.0 = Release|Any CPU
		{9AAEDDF1-9ABA-4956-8953-E171128D7A2A}.Debug|Any CPU.ActiveCfg = Debug|Any CPU
		{9AAEDDF1-9ABA-4956-8953-E171128D7A2A}.Debug|Any CPU.Build.0 = Debug|Any CPU
		{9AAEDDF1-9ABA-4956-8953-E171128D7A2A}.Release|Any CPU.ActiveCfg = Release|Any CPU
		{9AAEDDF1-9ABA-4956-8953-E171128D7A2A}.Release|Any CPU.Build.0 = Release|Any CPU
		{9E044CC6-6322-4421-90DB-3AEA627D6698}.Debug|Any CPU.ActiveCfg = Debug|Any CPU
		{9E044CC6-6322-4421-90DB-3AEA627D6698}.Debug|Any CPU.Build.0 = Debug|Any CPU
		{9E044CC6-6322-4421-90DB-3AEA627D6698}.Release|Any CPU.ActiveCfg = Release|Any CPU
		{9E044CC6-6322-4421-90DB-3AEA627D6698}.Release|Any CPU.Build.0 = Release|Any CPU
	EndGlobalSection
	GlobalSection(SolutionProperties) = preSolution
		HideSolutionNode = FALSE
	EndGlobalSection
	GlobalSection(ExtensibilityGlobals) = postSolution
		SolutionGuid = {DFDDBB8F-F8B5-459A-B7E9-2D4765B6480C}
	EndGlobalSection
EndGlobal
